dependencies:
  espressif/esp_websocket_client:
    component_hash: 3f3b04c060ca52c8a06b96b39f22f50086f2bb41d9e9a2411e809cf6b7edfa60
    dependencies:
    - name: idf
      require: private
      version: '>=5.0'
    source:
      registry_url: https://components.espressif.com/
      type: service
    version: 1.1.0
  idf:
    source:
      type: idf
    version: 5.2.3
direct_dependencies:
- espressif/esp_websocket_client
manifest_hash: 6ed97c2e898f282cdf60f2f5cc2a69fe8e322a3a64b512692e2949cea8a65cab
target: esp32s3
version: 2.0.0
